
Microsoft Visual Studio Solution File, Format Version 12.00
# Visual Studio Version 16
VisualStudioVersion = 16.0.31112.23
MinimumVisualStudioVersion = 10.0.40219.1
Project("{9A19103F-16F7-4668-BE54-9A1E7A4F7556}") = "MapGame", "MapGame\MapGame.csproj", "{5A813D34-7718-4CB6-90A9-42AB4E501593}"
EndProject
Project("{9A19103F-16F7-4668-BE54-9A1E7A4F7556}") = "MapGameGUI", "MapGameGUI\MapGameGUI.csproj", "{A3A7F830-9ED4-46A3-9B73-DD8694BA15CC}"
EndProject
Project("{2150E333-8FDC-42A3-9474-1A3956D46DE8}") = "Solution Items", "Solution Items", "{DDFC8B12-24B2-4770-B780-31E9C390D4DF}"
EndProject
Project("{FAE04EC0-301F-11D3-BF4B-00C04F79EFBC}") = "MapGameTests", "MapGameTests\MapGameTests.csproj", "{9BFEF135-53B2-4997-8103-B995006E13CA}"
EndProject
Global
	GlobalSection(SolutionConfigurationPlatforms) = preSolution
		Debug|Any CPU = Debug|Any CPU
		Release|Any CPU = Release|Any CPU
	EndGlobalSection
	GlobalSection(ProjectConfigurationPlatforms) = postSolution
		{5A813D34-7718-4CB6-90A9-42AB4E501593}.Debug|Any CPU.ActiveCfg = Debug|Any CPU
		{5A813D34-7718-4CB6-90A9-42AB4E501593}.Debug|Any CPU.Build.0 = Debug|Any CPU
		{5A813D34-7718-4CB6-90A9-42AB4E501593}.Release|Any CPU.ActiveCfg = Release|Any CPU
		{5A813D34-7718-4CB6-90A9-42AB4E501593}.Release|Any CPU.Build.0 = Release|Any CPU
		{A3A7F830-9ED4-46A3-9B73-DD8694BA15CC}.Debug|Any CPU.ActiveCfg = Debug|Any CPU
		{A3A7F830-9ED4-46A3-9B73-DD8694BA15CC}.Debug|Any CPU.Build.0 = Debug|Any CPU
		{A3A7F830-9ED4-46A3-9B73-DD8694BA15CC}.Release|Any CPU.ActiveCfg = Release|Any CPU
		{A3A7F830-9ED4-46A3-9B73-DD8694BA15CC}.Release|Any CPU.Build.0 = Release|Any CPU
		{9BFEF135-53B2-4997-8103-B995006E13CA}.Debug|Any CPU.ActiveCfg = Debug|Any CPU
		{9BFEF135-53B2-4997-8103-B995006E13CA}.Debug|Any CPU.Build.0 = Debug|Any CPU
		{9BFEF135-53B2-4997-8103-B995006E13CA}.Release|Any CPU.ActiveCfg = Release|Any CPU
		{9BFEF135-53B2-4997-8103-B995006E13CA}.Release|Any CPU.Build.0 = Release|Any CPU
	EndGlobalSection
	GlobalSection(SolutionProperties) = preSolution
		HideSolutionNode = FALSE
	EndGlobalSection
	GlobalSection(ExtensibilityGlobals) = postSolution
		SolutionGuid = {5EA86DF1-03D9-44DB-B136-5BCFD4681513}
	EndGlobalSection
EndGlobal
