
Microsoft Visual Studio Solution File, Format Version 12.00
# Visual Studio Version 16
VisualStudioVersion = 16.0.31112.23
MinimumVisualStudioVersion = 10.0.40219.1
Project("{9A19103F-16F7-4668-BE54-9A1E7A4F7556}") = "TradeMap.Di", "TradeMap.Di\TradeMap.Di.csproj", "{73EAC1D5-FC0E-4C28-8B1C-5AE6B0BA3FF4}"
EndProject
Project("{9A19103F-16F7-4668-BE54-9A1E7A4F7556}") = "TradeMap.GameLog", "TradeMap.GameLog\TradeMap.GameLog.csproj", "{2E2E16D1-000E-4ECB-860B-0125FD7910D1}"
EndProject
Project("{9A19103F-16F7-4668-BE54-9A1E7A4F7556}") = "TradeMap.Localization", "TradeMap.Localization\TradeMap.Localization.csproj", "{83B67BF6-0048-430A-B040-5E431B11782F}"
EndProject
Project("{9A19103F-16F7-4668-BE54-9A1E7A4F7556}") = "TradeMapTests.Localization", "TradeMapTests.Localization\TradeMapTests.Localization.csproj", "{EA9A8537-B7B7-4D87-8B5F-5D2095E7373E}"
EndProject
Project("{9A19103F-16F7-4668-BE54-9A1E7A4F7556}") = "TradeMapTests.GameLog", "TradeMapTests.GameLog\TradeMapTests.GameLog.csproj", "{1E0C5107-E497-441F-9988-13C93E667017}"
EndProject
Project("{9A19103F-16F7-4668-BE54-9A1E7A4F7556}") = "TradeMap.Configuration", "TradeMap.Configuration\TradeMap.Configuration.csproj", "{B9BF6212-F9AD-4657-85B2-39891D243CB9}"
EndProject
Project("{9A19103F-16F7-4668-BE54-9A1E7A4F7556}") = "TradeMap.Core", "TradeMap.Core\TradeMap.Core.csproj", "{CB975D13-7E9D-4B93-8DB4-52C74754C96F}"
EndProject
Project("{9A19103F-16F7-4668-BE54-9A1E7A4F7556}") = "TradeMapTests.Core", "TradeMapTests.Core\TradeMapTests.Core.csproj", "{41D5317F-91AB-4431-967B-1F33E62630EE}"
EndProject
Project("{9A19103F-16F7-4668-BE54-9A1E7A4F7556}") = "TradeMap.Engine", "TradeMap.Engine\TradeMap.Engine.csproj", "{0DA6A9F5-C145-4090-99A2-BEE53295FA39}"
EndProject
Project("{9A19103F-16F7-4668-BE54-9A1E7A4F7556}") = "TradeMapTests.Engine", "TradeMapTests.Engine\TradeMapTests.Engine.csproj", "{EBABC37B-260A-466D-AEE2-51AF73159588}"
EndProject
Project("{9A19103F-16F7-4668-BE54-9A1E7A4F7556}") = "TradeMap.TestConsole", "TradeMap.TestConsole\TradeMap.TestConsole.csproj", "{F3AC2421-62FB-4F87-B6DF-5B14EDDDDD1B}"
EndProject
Project("{FAE04EC0-301F-11D3-BF4B-00C04F79EFBC}") = "TradeMap.Gui", "TradeMap.Gui\TradeMap.Gui.csproj", "{5D5ACE72-0D5F-4E20-8F82-933F19B9D51E}"
EndProject
Global
	GlobalSection(SolutionConfigurationPlatforms) = preSolution
		Debug|Any CPU = Debug|Any CPU
		Release|Any CPU = Release|Any CPU
	EndGlobalSection
	GlobalSection(ProjectConfigurationPlatforms) = postSolution
		{73EAC1D5-FC0E-4C28-8B1C-5AE6B0BA3FF4}.Debug|Any CPU.ActiveCfg = Debug|Any CPU
		{73EAC1D5-FC0E-4C28-8B1C-5AE6B0BA3FF4}.Debug|Any CPU.Build.0 = Debug|Any CPU
		{73EAC1D5-FC0E-4C28-8B1C-5AE6B0BA3FF4}.Release|Any CPU.ActiveCfg = Release|Any CPU
		{73EAC1D5-FC0E-4C28-8B1C-5AE6B0BA3FF4}.Release|Any CPU.Build.0 = Release|Any CPU
		{2E2E16D1-000E-4ECB-860B-0125FD7910D1}.Debug|Any CPU.ActiveCfg = Debug|Any CPU
		{2E2E16D1-000E-4ECB-860B-0125FD7910D1}.Debug|Any CPU.Build.0 = Debug|Any CPU
		{2E2E16D1-000E-4ECB-860B-0125FD7910D1}.Release|Any CPU.ActiveCfg = Release|Any CPU
		{2E2E16D1-000E-4ECB-860B-0125FD7910D1}.Release|Any CPU.Build.0 = Release|Any CPU
		{83B67BF6-0048-430A-B040-5E431B11782F}.Debug|Any CPU.ActiveCfg = Debug|Any CPU
		{83B67BF6-0048-430A-B040-5E431B11782F}.Debug|Any CPU.Build.0 = Debug|Any CPU
		{83B67BF6-0048-430A-B040-5E431B11782F}.Release|Any CPU.ActiveCfg = Release|Any CPU
		{83B67BF6-0048-430A-B040-5E431B11782F}.Release|Any CPU.Build.0 = Release|Any CPU
		{EA9A8537-B7B7-4D87-8B5F-5D2095E7373E}.Debug|Any CPU.ActiveCfg = Debug|Any CPU
		{EA9A8537-B7B7-4D87-8B5F-5D2095E7373E}.Debug|Any CPU.Build.0 = Debug|Any CPU
		{EA9A8537-B7B7-4D87-8B5F-5D2095E7373E}.Release|Any CPU.ActiveCfg = Release|Any CPU
		{EA9A8537-B7B7-4D87-8B5F-5D2095E7373E}.Release|Any CPU.Build.0 = Release|Any CPU
		{1E0C5107-E497-441F-9988-13C93E667017}.Debug|Any CPU.ActiveCfg = Debug|Any CPU
		{1E0C5107-E497-441F-9988-13C93E667017}.Debug|Any CPU.Build.0 = Debug|Any CPU
		{1E0C5107-E497-441F-9988-13C93E667017}.Release|Any CPU.ActiveCfg = Release|Any CPU
		{1E0C5107-E497-441F-9988-13C93E667017}.Release|Any CPU.Build.0 = Release|Any CPU
		{B9BF6212-F9AD-4657-85B2-39891D243CB9}.Debug|Any CPU.ActiveCfg = Debug|Any CPU
		{B9BF6212-F9AD-4657-85B2-39891D243CB9}.Debug|Any CPU.Build.0 = Debug|Any CPU
		{B9BF6212-F9AD-4657-85B2-39891D243CB9}.Release|Any CPU.ActiveCfg = Release|Any CPU
		{B9BF6212-F9AD-4657-85B2-39891D243CB9}.Release|Any CPU.Build.0 = Release|Any CPU
		{CB975D13-7E9D-4B93-8DB4-52C74754C96F}.Debug|Any CPU.ActiveCfg = Debug|Any CPU
		{CB975D13-7E9D-4B93-8DB4-52C74754C96F}.Debug|Any CPU.Build.0 = Debug|Any CPU
		{CB975D13-7E9D-4B93-8DB4-52C74754C96F}.Release|Any CPU.ActiveCfg = Release|Any CPU
		{CB975D13-7E9D-4B93-8DB4-52C74754C96F}.Release|Any CPU.Build.0 = Release|Any CPU
		{41D5317F-91AB-4431-967B-1F33E62630EE}.Debug|Any CPU.ActiveCfg = Debug|Any CPU
		{41D5317F-91AB-4431-967B-1F33E62630EE}.Debug|Any CPU.Build.0 = Debug|Any CPU
		{41D5317F-91AB-4431-967B-1F33E62630EE}.Release|Any CPU.ActiveCfg = Release|Any CPU
		{41D5317F-91AB-4431-967B-1F33E62630EE}.Release|Any CPU.Build.0 = Release|Any CPU
		{0DA6A9F5-C145-4090-99A2-BEE53295FA39}.Debug|Any CPU.ActiveCfg = Debug|Any CPU
		{0DA6A9F5-C145-4090-99A2-BEE53295FA39}.Debug|Any CPU.Build.0 = Debug|Any CPU
		{0DA6A9F5-C145-4090-99A2-BEE53295FA39}.Release|Any CPU.ActiveCfg = Release|Any CPU
		{0DA6A9F5-C145-4090-99A2-BEE53295FA39}.Release|Any CPU.Build.0 = Release|Any CPU
		{EBABC37B-260A-466D-AEE2-51AF73159588}.Debug|Any CPU.ActiveCfg = Debug|Any CPU
		{EBABC37B-260A-466D-AEE2-51AF73159588}.Debug|Any CPU.Build.0 = Debug|Any CPU
		{EBABC37B-260A-466D-AEE2-51AF73159588}.Release|Any CPU.ActiveCfg = Release|Any CPU
		{EBABC37B-260A-466D-AEE2-51AF73159588}.Release|Any CPU.Build.0 = Release|Any CPU
		{F3AC2421-62FB-4F87-B6DF-5B14EDDDDD1B}.Debug|Any CPU.ActiveCfg = Debug|Any CPU
		{F3AC2421-62FB-4F87-B6DF-5B14EDDDDD1B}.Debug|Any CPU.Build.0 = Debug|Any CPU
		{F3AC2421-62FB-4F87-B6DF-5B14EDDDDD1B}.Release|Any CPU.ActiveCfg = Release|Any CPU
		{F3AC2421-62FB-4F87-B6DF-5B14EDDDDD1B}.Release|Any CPU.Build.0 = Release|Any CPU
		{5D5ACE72-0D5F-4E20-8F82-933F19B9D51E}.Debug|Any CPU.ActiveCfg = Debug|Any CPU
		{5D5ACE72-0D5F-4E20-8F82-933F19B9D51E}.Debug|Any CPU.Build.0 = Debug|Any CPU
		{5D5ACE72-0D5F-4E20-8F82-933F19B9D51E}.Release|Any CPU.ActiveCfg = Release|Any CPU
		{5D5ACE72-0D5F-4E20-8F82-933F19B9D51E}.Release|Any CPU.Build.0 = Release|Any CPU
	EndGlobalSection
	GlobalSection(SolutionProperties) = preSolution
		HideSolutionNode = FALSE
	EndGlobalSection
	GlobalSection(ExtensibilityGlobals) = postSolution
		SolutionGuid = {5EA86DF1-03D9-44DB-B136-5BCFD4681513}
	EndGlobalSection
EndGlobal
